// !$*UTF8*$!
{
	archiveVersion = 1;
	classes = {
	};
	objectVersion = 50;
	objects = {

/* Begin PBXBuildFile section */
		380DE3A520CE07AD004B7D58 /* WeatherTableViewController.swift in Sources */ = {isa = PBXBuildFile; fileRef = 380DE3A420CE07AD004B7D58 /* WeatherTableViewController.swift */; };
		383DFEFE20C92995001092A0 /* AppDelegate.swift in Sources */ = {isa = PBXBuildFile; fileRef = 383DFEFD20C92995001092A0 /* AppDelegate.swift */; };
		383DFF0320C92995001092A0 /* Main.storyboard in Resources */ = {isa = PBXBuildFile; fileRef = 383DFF0120C92995001092A0 /* Main.storyboard */; };
		383DFF0520C92997001092A0 /* Assets.xcassets in Resources */ = {isa = PBXBuildFile; fileRef = 383DFF0420C92997001092A0 /* Assets.xcassets */; };
		383DFF0820C92997001092A0 /* LaunchScreen.storyboard in Resources */ = {isa = PBXBuildFile; fileRef = 383DFF0620C92997001092A0 /* LaunchScreen.storyboard */; };
		38400A5120CE758700B4B990 /* LocationList.swift in Sources */ = {isa = PBXBuildFile; fileRef = 38400A5020CE758700B4B990 /* LocationList.swift */; };
		38400A5320CE83C700B4B990 /* OptionsTableViewController.swift in Sources */ = {isa = PBXBuildFile; fileRef = 38400A5220CE83C700B4B990 /* OptionsTableViewController.swift */; };
		38400A5520CE83D700B4B990 /* CurrentTableViewController.swift in Sources */ = {isa = PBXBuildFile; fileRef = 38400A5420CE83D700B4B990 /* CurrentTableViewController.swift */; };
		38400A5720CE83F100B4B990 /* DailyTableViewController.swift in Sources */ = {isa = PBXBuildFile; fileRef = 38400A5620CE83F100B4B990 /* DailyTableViewController.swift */; };
		38400A5920CE840200B4B990 /* SevenDayTableViewController.swift in Sources */ = {isa = PBXBuildFile; fileRef = 38400A5820CE840200B4B990 /* SevenDayTableViewController.swift */; };
		38400A5C20CE8F4C00B4B990 /* weathericons-regular-webfont.ttf in Resources */ = {isa = PBXBuildFile; fileRef = 38400A5B20CE8F4C00B4B990 /* weathericons-regular-webfont.ttf */; };
		3841084920CDFD97009F67F1 /* WeatherAPI.swift in Sources */ = {isa = PBXBuildFile; fileRef = 3841084820CDFD97009F67F1 /* WeatherAPI.swift */; };
		3842B1B520CB957800486C53 /* WeatherModel.swift in Sources */ = {isa = PBXBuildFile; fileRef = 3842B1B420CB957800486C53 /* WeatherModel.swift */; };
/* End PBXBuildFile section */

/* Begin PBXFileReference section */
		380DE3A420CE07AD004B7D58 /* WeatherTableViewController.swift */ = {isa = PBXFileReference; lastKnownFileType = sourcecode.swift; path = WeatherTableViewController.swift; sourceTree = "<group>"; };
		383DFEFA20C92995001092A0 /* FairWeatherFriend.app */ = {isa = PBXFileReference; explicitFileType = wrapper.application; includeInIndex = 0; path = FairWeatherFriend.app; sourceTree = BUILT_PRODUCTS_DIR; };
		383DFEFD20C92995001092A0 /* AppDelegate.swift */ = {isa = PBXFileReference; lastKnownFileType = sourcecode.swift; path = AppDelegate.swift; sourceTree = "<group>"; };
		383DFF0220C92995001092A0 /* Base */ = {isa = PBXFileReference; lastKnownFileType = file.storyboard; name = Base; path = Base.lproj/Main.storyboard; sourceTree = "<group>"; };
		383DFF0420C92997001092A0 /* Assets.xcassets */ = {isa = PBXFileReference; lastKnownFileType = folder.assetcatalog; path = Assets.xcassets; sourceTree = "<group>"; };
		383DFF0720C92997001092A0 /* Base */ = {isa = PBXFileReference; lastKnownFileType = file.storyboard; name = Base; path = Base.lproj/LaunchScreen.storyboard; sourceTree = "<group>"; };
		383DFF0920C92997001092A0 /* Info.plist */ = {isa = PBXFileReference; lastKnownFileType = text.plist.xml; path = Info.plist; sourceTree = "<group>"; };
		38400A5020CE758700B4B990 /* LocationList.swift */ = {isa = PBXFileReference; lastKnownFileType = sourcecode.swift; path = LocationList.swift; sourceTree = "<group>"; };
		38400A5220CE83C700B4B990 /* OptionsTableViewController.swift */ = {isa = PBXFileReference; lastKnownFileType = sourcecode.swift; path = OptionsTableViewController.swift; sourceTree = "<group>"; };
		38400A5420CE83D700B4B990 /* CurrentTableViewController.swift */ = {isa = PBXFileReference; lastKnownFileType = sourcecode.swift; path = CurrentTableViewController.swift; sourceTree = "<group>"; };
		38400A5620CE83F100B4B990 /* DailyTableViewController.swift */ = {isa = PBXFileReference; lastKnownFileType = sourcecode.swift; path = DailyTableViewController.swift; sourceTree = "<group>"; };
		38400A5820CE840200B4B990 /* SevenDayTableViewController.swift */ = {isa = PBXFileReference; lastKnownFileType = sourcecode.swift; path = SevenDayTableViewController.swift; sourceTree = "<group>"; };
		38400A5B20CE8F4C00B4B990 /* weathericons-regular-webfont.ttf */ = {isa = PBXFileReference; lastKnownFileType = file; name = "weathericons-regular-webfont.ttf"; path = "../../../../Downloads/weather-icons-master/font/weathericons-regular-webfont.ttf"; sourceTree = "<group>"; };
		3841084820CDFD97009F67F1 /* WeatherAPI.swift */ = {isa = PBXFileReference; lastKnownFileType = sourcecode.swift; path = WeatherAPI.swift; sourceTree = "<group>"; };
		3842B1B420CB957800486C53 /* WeatherModel.swift */ = {isa = PBXFileReference; lastKnownFileType = sourcecode.swift; path = WeatherModel.swift; sourceTree = "<group>"; };
/* End PBXFileReference section */

/* Begin PBXFrameworksBuildPhase section */
		383DFEF720C92995001092A0 /* Frameworks */ = {
			isa = PBXFrameworksBuildPhase;
			buildActionMask = 2147483647;
			files = (
			);
			runOnlyForDeploymentPostprocessing = 0;
		};
/* End PBXFrameworksBuildPhase section */

/* Begin PBXGroup section */
		383DFEF120C92995001092A0 = {
			isa = PBXGroup;
			children = (
				38400A5A20CE8F3000B4B990 /* Fonts */,
				383DFEFC20C92995001092A0 /* FairWeatherFriend */,
				383DFEFB20C92995001092A0 /* Products */,
			);
			sourceTree = "<group>";
		};
		383DFEFB20C92995001092A0 /* Products */ = {
			isa = PBXGroup;
			children = (
				383DFEFA20C92995001092A0 /* FairWeatherFriend.app */,
			);
			name = Products;
			sourceTree = "<group>";
		};
		383DFEFC20C92995001092A0 /* FairWeatherFriend */ = {
			isa = PBXGroup;
			children = (
				383DFF0620C92997001092A0 /* LaunchScreen.storyboard */,
				383DFF0120C92995001092A0 /* Main.storyboard */,
				3842B1B020CB923C00486C53 /* ViewControllers */,
				3842B1B320CB955700486C53 /* API Things */,
				383DFEFD20C92995001092A0 /* AppDelegate.swift */,
				383DFF0420C92997001092A0 /* Assets.xcassets */,
				383DFF0920C92997001092A0 /* Info.plist */,
			);
			path = FairWeatherFriend;
			sourceTree = "<group>";
		};
		38400A5A20CE8F3000B4B990 /* Fonts */ = {
			isa = PBXGroup;
			children = (
				38400A5B20CE8F4C00B4B990 /* weathericons-regular-webfont.ttf */,
			);
			path = Fonts;
			sourceTree = "<group>";
		};
		3842B1B020CB923C00486C53 /* ViewControllers */ = {
			isa = PBXGroup;
			children = (
				380DE3A420CE07AD004B7D58 /* WeatherTableViewController.swift */,
				38400A5220CE83C700B4B990 /* OptionsTableViewController.swift */,
				38400A5420CE83D700B4B990 /* CurrentTableViewController.swift */,
				38400A5620CE83F100B4B990 /* DailyTableViewController.swift */,
				38400A5820CE840200B4B990 /* SevenDayTableViewController.swift */,
			);
			path = ViewControllers;
			sourceTree = "<group>";
		};
		3842B1B320CB955700486C53 /* API Things */ = {
			isa = PBXGroup;
			children = (
				3842B1B420CB957800486C53 /* WeatherModel.swift */,
				38400A5020CE758700B4B990 /* LocationList.swift */,
				3841084820CDFD97009F67F1 /* WeatherAPI.swift */,
			);
			path = "API Things";
			sourceTree = "<group>";
		};
/* End PBXGroup section */

/* Begin PBXNativeTarget section */
		383DFEF920C92995001092A0 /* FairWeatherFriend */ = {
			isa = PBXNativeTarget;
			buildConfigurationList = 383DFF0C20C92997001092A0 /* Build configuration list for PBXNativeTarget "FairWeatherFriend" */;
			buildPhases = (
				383DFEF620C92995001092A0 /* Sources */,
				383DFEF720C92995001092A0 /* Frameworks */,
				383DFEF820C92995001092A0 /* Resources */,
			);
			buildRules = (
			);
			dependencies = (
			);
			name = FairWeatherFriend;
			productName = FairWeatherFriend;
			productReference = 383DFEFA20C92995001092A0 /* FairWeatherFriend.app */;
			productType = "com.apple.product-type.application";
		};
/* End PBXNativeTarget section */

/* Begin PBXProject section */
		383DFEF220C92995001092A0 /* Project object */ = {
			isa = PBXProject;
			attributes = {
				LastSwiftUpdateCheck = 0930;
				LastUpgradeCheck = 0930;
				ORGANIZATIONNAME = TOR;
				TargetAttributes = {
					383DFEF920C92995001092A0 = {
						CreatedOnToolsVersion = 9.3;
					};
				};
			};
			buildConfigurationList = 383DFEF520C92995001092A0 /* Build configuration list for PBXProject "FairWeatherFriend" */;
			compatibilityVersion = "Xcode 9.3";
			developmentRegion = en;
			hasScannedForEncodings = 0;
			knownRegions = (
				en,
				Base,
			);
			mainGroup = 383DFEF120C92995001092A0;
			productRefGroup = 383DFEFB20C92995001092A0 /* Products */;
			projectDirPath = "";
			projectRoot = "";
			targets = (
				383DFEF920C92995001092A0 /* FairWeatherFriend */,
			);
		};
/* End PBXProject section */

/* Begin PBXResourcesBuildPhase section */
		383DFEF820C92995001092A0 /* Resources */ = {
			isa = PBXResourcesBuildPhase;
			buildActionMask = 2147483647;
			files = (
				383DFF0820C92997001092A0 /* LaunchScreen.storyboard in Resources */,
				383DFF0520C92997001092A0 /* Assets.xcassets in Resources */,
				38400A5C20CE8F4C00B4B990 /* weathericons-regular-webfont.ttf in Resources */,
				383DFF0320C92995001092A0 /* Main.storyboard in Resources */,
			);
			runOnlyForDeploymentPostprocessing = 0;
		};
/* End PBXResourcesBuildPhase section */

/* Begin PBXSourcesBuildPhase section */
		383DFEF620C92995001092A0 /* Sources */ = {
			isa = PBXSourcesBuildPhase;
			buildActionMask = 2147483647;
			files = (
				38400A5920CE840200B4B990 /* SevenDayTableViewController.swift in Sources */,
				38400A5520CE83D700B4B990 /* CurrentTableViewController.swift in Sources */,
				3841084920CDFD97009F67F1 /* WeatherAPI.swift in Sources */,
				380DE3A520CE07AD004B7D58 /* WeatherTableViewController.swift in Sources */,
				38400A5720CE83F100B4B990 /* DailyTableViewController.swift in Sources */,
				38400A5320CE83C700B4B990 /* OptionsTableViewController.swift in Sources */,
				3842B1B520CB957800486C53 /* WeatherModel.swift in Sources */,
				38400A5120CE758700B4B990 /* LocationList.swift in Sources */,
				383DFEFE20C92995001092A0 /* AppDelegate.swift in Sources */,
			);
			runOnlyForDeploymentPostprocessing = 0;
		};
/* End PBXSourcesBuildPhase section */

/* Begin PBXVariantGroup section */
		383DFF0120C92995001092A0 /* Main.storyboard */ = {
			isa = PBXVariantGroup;
			children = (
				383DFF0220C92995001092A0 /* Base */,
			);
			name = Main.storyboard;
			sourceTree = "<group>";
		};
		383DFF0620C92997001092A0 /* LaunchScreen.storyboard */ = {
			isa = PBXVariantGroup;
			children = (
				383DFF0720C92997001092A0 /* Base */,
			);
			name = LaunchScreen.storyboard;
			sourceTree = "<group>";
		};
/* End PBXVariantGroup section */

/* Begin XCBuildConfiguration section */
		383DFF0A20C92997001092A0 /* Debug */ = {
			isa = XCBuildConfiguration;
			buildSettings = {
				ALWAYS_SEARCH_USER_PATHS = NO;
				CLANG_ANALYZER_NONNULL = YES;
				CLANG_ANALYZER_NUMBER_OBJECT_CONVERSION = YES_AGGRESSIVE;
				CLANG_CXX_LANGUAGE_STANDARD = "gnu++14";
				CLANG_CXX_LIBRARY = "libc++";
				CLANG_ENABLE_MODULES = YES;
				CLANG_ENABLE_OBJC_ARC = YES;
				CLANG_ENABLE_OBJC_WEAK = YES;
				CLANG_WARN_BLOCK_CAPTURE_AUTORELEASING = YES;
				CLANG_WARN_BOOL_CONVERSION = YES;
				CLANG_WARN_COMMA = YES;
				CLANG_WARN_CONSTANT_CONVERSION = YES;
				CLANG_WARN_DEPRECATED_OBJC_IMPLEMENTATIONS = YES;
				CLANG_WARN_DIRECT_OBJC_ISA_USAGE = YES_ERROR;
				CLANG_WARN_DOCUMENTATION_COMMENTS = YES;
				CLANG_WARN_EMPTY_BODY = YES;
				CLANG_WARN_ENUM_CONVERSION = YES;
				CLANG_WARN_INFINITE_RECURSION = YES;
				CLANG_WARN_INT_CONVERSION = YES;
				CLANG_WARN_NON_LITERAL_NULL_CONVERSION = YES;
				CLANG_WARN_OBJC_IMPLICIT_RETAIN_SELF = YES;
				CLANG_WARN_OBJC_LITERAL_CONVERSION = YES;
				CLANG_WARN_OBJC_ROOT_CLASS = YES_ERROR;
				CLANG_WARN_RANGE_LOOP_ANALYSIS = YES;
				CLANG_WARN_STRICT_PROTOTYPES = YES;
				CLANG_WARN_SUSPICIOUS_MOVE = YES;
				CLANG_WARN_UNGUARDED_AVAILABILITY = YES_AGGRESSIVE;
				CLANG_WARN_UNREACHABLE_CODE = YES;
				CLANG_WARN__DUPLICATE_METHOD_MATCH = YES;
				CODE_SIGN_IDENTITY = "iPhone Developer";
				COPY_PHASE_STRIP = NO;
				DEBUG_INFORMATION_FORMAT = dwarf;
				ENABLE_STRICT_OBJC_MSGSEND = YES;
				ENABLE_TESTABILITY = YES;
				GCC_C_LANGUAGE_STANDARD = gnu11;
				GCC_DYNAMIC_NO_PIC = NO;
				GCC_NO_COMMON_BLOCKS = YES;
				GCC_OPTIMIZATION_LEVEL = 0;
				GCC_PREPROCESSOR_DEFINITIONS = (
					"DEBUG=1",
					"$(inherited)",
				);
				GCC_WARN_64_TO_32_BIT_CONVERSION = YES;
				GCC_WARN_ABOUT_RETURN_TYPE = YES_ERROR;
				GCC_WARN_UNDECLARED_SELECTOR = YES;
				GCC_WARN_UNINITIALIZED_AUTOS = YES_AGGRESSIVE;
				GCC_WARN_UNUSED_FUNCTION = YES;
				GCC_WARN_UNUSED_VARIABLE = YES;
				IPHONEOS_DEPLOYMENT_TARGET = 11.3;
				MTL_ENABLE_DEBUG_INFO = YES;
				ONLY_ACTIVE_ARCH = YES;
				SDKROOT = iphoneos;
				SWIFT_ACTIVE_COMPILATION_CONDITIONS = DEBUG;
				SWIFT_OPTIMIZATION_LEVEL = "-Onone";
			};
			name = Debug;
		};
		383DFF0B20C92997001092A0 /* Release */ = {
			isa = XCBuildConfiguration;
			buildSettings = {
				ALWAYS_SEARCH_USER_PATHS = NO;
				CLANG_ANALYZER_NONNULL = YES;
				CLANG_ANALYZER_NUMBER_OBJECT_CONVERSION = YES_AGGRESSIVE;
				CLANG_CXX_LANGUAGE_STANDARD = "gnu++14";
				CLANG_CXX_LIBRARY = "libc++";
				CLANG_ENABLE_MODULES = YES;
				CLANG_ENABLE_OBJC_ARC = YES;
				CLANG_ENABLE_OBJC_WEAK = YES;
				CLANG_WARN_BLOCK_CAPTURE_AUTORELEASING = YES;
				CLANG_WARN_BOOL_CONVERSION = YES;
				CLANG_WARN_COMMA = YES;
				CLANG_WARN_CONSTANT_CONVERSION = YES;
				CLANG_WARN_DEPRECATED_OBJC_IMPLEMENTATIONS = YES;
				CLANG_WARN_DIRECT_OBJC_ISA_USAGE = YES_ERROR;
				CLANG_WARN_DOCUMENTATION_COMMENTS = YES;
				CLANG_WARN_EMPTY_BODY = YES;
				CLANG_WARN_ENUM_CONVERSION = YES;
				CLANG_WARN_INFINITE_RECURSION = YES;
				CLANG_WARN_INT_CONVERSION = YES;
				CLANG_WARN_NON_LITERAL_NULL_CONVERSION = YES;
				CLANG_WARN_OBJC_IMPLICIT_RETAIN_SELF = YES;
				CLANG_WARN_OBJC_LITERAL_CONVERSION = YES;
				CLANG_WARN_OBJC_ROOT_CLASS = YES_ERROR;
				CLANG_WARN_RANGE_LOOP_ANALYSIS = YES;
				CLANG_WARN_STRICT_PROTOTYPES = YES;
				CLANG_WARN_SUSPICIOUS_MOVE = YES;
				CLANG_WARN_UNGUARDED_AVAILABILITY = YES_AGGRESSIVE;
				CLANG_WARN_UNREACHABLE_CODE = YES;
				CLANG_WARN__DUPLICATE_METHOD_MATCH = YES;
				CODE_SIGN_IDENTITY = "iPhone Developer";
				COPY_PHASE_STRIP = NO;
				DEBUG_INFORMATION_FORMAT = "dwarf-with-dsym";
				ENABLE_NS_ASSERTIONS = NO;
				ENABLE_STRICT_OBJC_MSGSEND = YES;
				GCC_C_LANGUAGE_STANDARD = gnu11;
				GCC_NO_COMMON_BLOCKS = YES;
				GCC_WARN_64_TO_32_BIT_CONVERSION = YES;
				GCC_WARN_ABOUT_RETURN_TYPE = YES_ERROR;
				GCC_WARN_UNDECLARED_SELECTOR = YES;
				GCC_WARN_UNINITIALIZED_AUTOS = YES_AGGRESSIVE;
				GCC_WARN_UNUSED_FUNCTION = YES;
				GCC_WARN_UNUSED_VARIABLE = YES;
				IPHONEOS_DEPLOYMENT_TARGET = 11.3;
				MTL_ENABLE_DEBUG_INFO = NO;
				SDKROOT = iphoneos;
				SWIFT_COMPILATION_MODE = wholemodule;
				SWIFT_OPTIMIZATION_LEVEL = "-O";
				VALIDATE_PRODUCT = YES;
			};
			name = Release;
		};
		383DFF0D20C92997001092A0 /* Debug */ = {
			isa = XCBuildConfiguration;
			buildSettings = {
				ASSETCATALOG_COMPILER_APPICON_NAME = AppIcon;
				CODE_SIGN_STYLE = Automatic;
				DEVELOPMENT_TEAM = 62K8N34LP8;
				INFOPLIST_FILE = FairWeatherFriend/Info.plist;
				LD_RUNPATH_SEARCH_PATHS = (
					"$(inherited)",
					"@executable_path/Frameworks",
				);
				PRODUCT_BUNDLE_IDENTIFIER = ETOR.FairWeatherFriend;
				PRODUCT_NAME = "$(TARGET_NAME)";
				SWIFT_VERSION = 4.0;
				TARGETED_DEVICE_FAMILY = 1;
			};
			name = Debug;
		};
		383DFF0E20C92997001092A0 /* Release */ = {
			isa = XCBuildConfiguration;
			buildSettings = {
				ASSETCATALOG_COMPILER_APPICON_NAME = AppIcon;
				CODE_SIGN_STYLE = Automatic;
				DEVELOPMENT_TEAM = 62K8N34LP8;
				INFOPLIST_FILE = FairWeatherFriend/Info.plist;
				LD_RUNPATH_SEARCH_PATHS = (
					"$(inherited)",
					"@executable_path/Frameworks",
				);
				PRODUCT_BUNDLE_IDENTIFIER = ETOR.FairWeatherFriend;
				PRODUCT_NAME = "$(TARGET_NAME)";
				SWIFT_VERSION = 4.0;
				TARGETED_DEVICE_FAMILY = 1;
			};
			name = Release;
		};
/* End XCBuildConfiguration section */

/* Begin XCConfigurationList section */
		383DFEF520C92995001092A0 /* Build configuration list for PBXProject "FairWeatherFriend" */ = {
			isa = XCConfigurationList;
			buildConfigurations = (
				383DFF0A20C92997001092A0 /* Debug */,
				383DFF0B20C92997001092A0 /* Release */,
			);
			defaultConfigurationIsVisible = 0;
			defaultConfigurationName = Release;
		};
		383DFF0C20C92997001092A0 /* Build configuration list for PBXNativeTarget "FairWeatherFriend" */ = {
			isa = XCConfigurationList;
			buildConfigurations = (
				383DFF0D20C92997001092A0 /* Debug */,
				383DFF0E20C92997001092A0 /* Release */,
			);
			defaultConfigurationIsVisible = 0;
			defaultConfigurationName = Release;
		};
/* End XCConfigurationList section */
	};
	rootObject = 383DFEF220C92995001092A0 /* Project object */;
}
